
Microsoft Visual Studio Solution File, Format Version 12.00
# Visual Studio 15
VisualStudioVersion = 15.0.27004.2009
MinimumVisualStudioVersion = 10.0.40219.1
Project("{FAE04EC0-301F-11D3-BF4B-00C04F79EFBC}") = "Warlockbeta", "Warlockbeta\Warlockbeta.csproj", "{53CEFD64-3A31-4D1B-B90D-6259FDE5997D}"
EndProject
Global
	GlobalSection(SolutionConfigurationPlatforms) = preSolution
		Debug|Any CPU = Debug|Any CPU
		Release|Any CPU = Release|Any CPU
	EndGlobalSection
	GlobalSection(ProjectConfigurationPlatforms) = postSolution
		{53CEFD64-3A31-4D1B-B90D-6259FDE5997D}.Debug|Any CPU.ActiveCfg = Debug|Any CPU
		{53CEFD64-3A31-4D1B-B90D-6259FDE5997D}.Debug|Any CPU.Build.0 = Debug|Any CPU
		{53CEFD64-3A31-4D1B-B90D-6259FDE5997D}.Release|Any CPU.ActiveCfg = Release|Any CPU
		{53CEFD64-3A31-4D1B-B90D-6259FDE5997D}.Release|Any CPU.Build.0 = Release|Any CPU
	EndGlobalSection
	GlobalSection(SolutionProperties) = preSolution
		HideSolutionNode = FALSE
	EndGlobalSection
	GlobalSection(ExtensibilityGlobals) = postSolution
		SolutionGuid = {00398BF6-4BA9-4FD9-907D-659F0874D0F2}
	EndGlobalSection
EndGlobal
